<?xml version="1.0" encoding="utf-8"?>
<Project ToolsVersion="4.0" xmlns="http://schemas.microsoft.com/developer/msbuild/2003">
  <ItemGroup>
    <Filter Include="Source Files">
      <UniqueIdentifier>{4FC737F1-C7A5-4376-A066-2A32D752A2FF}</UniqueIdentifier>
      <Extensions>cpp;c;cc;cxx;c++;cppm;ixx;def;odl;idl;hpj;bat;asm;asmx</Extensions>
    </Filter>
    <Filter Include="Header Files">
      <UniqueIdentifier>{93995380-89BD-4b04-88EB-625FBE52EBFB}</UniqueIdentifier>
      <Extensions>h;hh;hpp;hxx;h++;hm;inl;inc;ipp;xsd</Extensions>
    </Filter>
    <Filter Include="Resource Files">
      <UniqueIdentifier>{67DA6AB6-F800-4c08-8B7A-83BB121AAD01}</UniqueIdentifier>
      <Extensions>rc;ico;cur;bmp;dlg;rc2;rct;bin;rgs;gif;jpg;jpeg;jpe;resx;tiff;tif;png;wav;mfcribbon-ms</Extensions>
    </Filter>
  </ItemGroup>
  <ItemGroup>
    <ClCompile Include="src\main.cpp">
      <Filter>Source Files</Filter>
    </ClCompile>
    <ClCompile Include="src\pack\PackManager.cpp">
      <Filter>Source Files</Filter>
    </ClCompile>
    <ClCompile Include="src\debug\Logger.cpp">
      <Filter>Source Files</Filter>
    </ClCompile>
    <ClCompile Include="src\pack\js\V8Wrapper.cpp">
      <Filter>Source Files</Filter>
    </ClCompile>
    <ClCompile Include="src\input\keyboard\keyboard.cpp">
      <Filter>Source Files</Filter>
    </ClCompile>
    <ClCompile Include="src\input\mouse\mouse.cpp">
      <Filter>Source Files</Filter>
    </ClCompile>
    <ClCompile Include="src\input\mouse\cursor.cpp">
      <Filter>Source Files</Filter>
    </ClCompile>
    <ClCompile Include="src\input\mouse\scroll.cpp">
      <Filter>Source Files</Filter>
    </ClCompile>
    <ClCompile Include="src\input\gamepad\gamepad.cpp">
      <Filter>Source Files</Filter>
    </ClCompile>
    <ClCompile Include="src\graphic\Window.cpp">
      <Filter>Source Files</Filter>
    </ClCompile>
    <ClCompile Include="src\gui\imgui\misc\cpp\imgui_stdlib.cpp">
      <Filter>Source Files</Filter>
    </ClCompile>
    <ClCompile Include="src\gui\imgui\imgui.cpp">
      <Filter>Source Files</Filter>
    </ClCompile>
    <ClCompile Include="src\gui\imgui\imgui_demo.cpp">
      <Filter>Source Files</Filter>
    </ClCompile>
    <ClCompile Include="src\gui\imgui\imgui_draw.cpp">
      <Filter>Source Files</Filter>
    </ClCompile>
    <ClCompile Include="src\gui\imgui\imgui_tables.cpp">
      <Filter>Source Files</Filter>
    </ClCompile>
    <ClCompile Include="src\gui\imgui\imgui_widgets.cpp">
      <Filter>Source Files</Filter>
    </ClCompile>
    <ClCompile Include="src\gui\imgui\misc\freetype\imgui_freetype.cpp">
      <Filter>Source Files</Filter>
    </ClCompile>
    <ClCompile Include="src\gui\imgui\backends\imgui_impl_bgfx.cpp">
      <Filter>Source Files</Filter>
    </ClCompile>
    <ClCompile Include="src\gui\imgui\backends\imgui_impl_glfw.cpp">
      <Filter>Source Files</Filter>
    </ClCompile>
    <ClCompile Include="src\graphic\ShaderPool.cpp">
      <Filter>Source Files</Filter>
    </ClCompile>
    <ClCompile Include="src\graphic\TexturePool.cpp">
      <Filter>Source Files</Filter>
    </ClCompile>
    <ClCompile Include="src\gui\InputHandler.cpp">
      <Filter>Source Files</Filter>
    </ClCompile>
    <ClCompile Include="src\graphic\Camera.cpp">
      <Filter>Source Files</Filter>
    </ClCompile>
    <ClCompile Include="src\sound\SoLoudWrapper.cpp">
      <Filter>Source Files</Filter>
    </ClCompile>
    <ClCompile Include="src\components\Ecs.cpp">
      <Filter>Source Files</Filter>
    </ClCompile>
    <ClCompile Include="src\pack\json\JsonParser.cpp">
      <Filter>Source Files</Filter>
    </ClCompile>
    <ClCompile Include="src\pack\json\manifest\ManifestProcs.cpp">
      <Filter>Source Files</Filter>
    </ClCompile>
    <ClCompile Include="src\pack\json\block\BlockProcs.cpp">
      <Filter>Source Files</Filter>
    </ClCompile>
  </ItemGroup>
  <ItemGroup>
    <ResourceCompile Include="CherryGrove.rc">
      <Filter>Resource Files</Filter>
    </ResourceCompile>
  </ItemGroup>
  <ItemGroup>
    <None Include="src\shaders\test.frag" />
    <None Include="src\shaders\test.vert" />
    <None Include="src\shaders\varying.def.sc" />
    <None Include="src\graphic\gui\imgui\backends\vulkan\generate_spv.sh" />
    <None Include="src\graphic\gui\imgui\backends\vulkan\glsl_shader.frag" />
    <None Include="src\graphic\gui\imgui\backends\vulkan\glsl_shader.vert" />
    <None Include="src\gui\imgui\misc\debuggers\imgui.gdb" />
    <None Include="src\gui\imgui\misc\debuggers\imgui.natstepfilter" />
    <None Include=".editorconfig" />
    <None Include="cpp.hint" />
  </ItemGroup>
  <ItemGroup>
    <ClInclude Include="src\input\mouse\mouse.hpp">
      <Filter>Header Files</Filter>
    </ClInclude>
    <ClInclude Include="src\input\mouse\mousedesc_win.hpp">
      <Filter>Header Files</Filter>
    </ClInclude>
    <ClInclude Include="src\input\mouse\cursor.hpp">
      <Filter>Header Files</Filter>
    </ClInclude>
    <ClInclude Include="src\input\mouse\scroll.hpp">
      <Filter>Header Files</Filter>
    </ClInclude>
    <ClInclude Include="src\pack\PackManager.hpp">
      <Filter>Header Files</Filter>
    </ClInclude>
    <ClInclude Include="src\pack\pack.hpp">
      <Filter>Header Files</Filter>
    </ClInclude>
    <ClInclude Include="src\pack\js\V8Wrapper.hpp">
      <Filter>Header Files</Filter>
    </ClInclude>
    <ClInclude Include="src\input\keyboard\keydesc_win.hpp">
      <Filter>Header Files</Filter>
    </ClInclude>
    <ClInclude Include="src\input\keyboard\keyboard.hpp">
      <Filter>Header Files</Filter>
    </ClInclude>
    <ClInclude Include="src\input\gamepad\gamepad.hpp">
      <Filter>Header Files</Filter>
    </ClInclude>
    <ClInclude Include="src\graphic\Window.hpp">
      <Filter>Header Files</Filter>
    </ClInclude>
    <ClInclude Include="src\gui\imgui\misc\cpp\imgui_stdlib.h">
      <Filter>Header Files</Filter>
    </ClInclude>
    <ClInclude Include="src\graphic\gui\imgui\misc\single_file\imgui_single_file.h">
      <Filter>Header Files</Filter>
    </ClInclude>
    <ClInclude Include="src\gui\imgui\imconfig.h">
      <Filter>Header Files</Filter>
    </ClInclude>
    <ClInclude Include="src\gui\imgui\imgui.h">
      <Filter>Header Files</Filter>
    </ClInclude>
    <ClInclude Include="src\gui\imgui\imgui_internal.h">
      <Filter>Header Files</Filter>
    </ClInclude>
    <ClInclude Include="src\gui\imgui\imstb_rectpack.h">
      <Filter>Header Files</Filter>
    </ClInclude>
    <ClInclude Include="src\gui\imgui\imstb_textedit.h">
      <Filter>Header Files</Filter>
    </ClInclude>
    <ClInclude Include="src\gui\imgui\imstb_truetype.h">
      <Filter>Header Files</Filter>
    </ClInclude>
    <ClInclude Include="src\gui\imgui\misc\freetype\imgui_freetype.h">
      <Filter>Header Files</Filter>
    </ClInclude>
    <ClInclude Include="src\gui\imgui\backends\imgui_impl_bgfx.h">
      <Filter>Header Files</Filter>
    </ClInclude>
    <ClInclude Include="src\gui\imgui\backends\fs_ocornut_imgui.bin.h">
      <Filter>Header Files</Filter>
    </ClInclude>
    <ClInclude Include="src\gui\imgui\backends\vs_ocornut_imgui.bin.h">
      <Filter>Header Files</Filter>
    </ClInclude>
    <ClInclude Include="src\gui\imgui\backends\imgui_impl_glfw.h">
      <Filter>Header Files</Filter>
    </ClInclude>
    <ClInclude Include="src\graphic\ShaderPool.hpp">
      <Filter>Header Files</Filter>
    </ClInclude>
    <ClInclude Include="src\graphic\TexturePool.hpp">
      <Filter>Header Files</Filter>
    </ClInclude>
    <ClInclude Include="src\Mesh.hpp">
      <Filter>Header Files</Filter>
    </ClInclude>
    <ClInclude Include="src\graphic\renderInfo\cubemesh.hpp">
      <Filter>Header Files</Filter>
    </ClInclude>
    <ClInclude Include="src\gui\InputHandler.hpp">
      <Filter>Header Files</Filter>
    </ClInclude>
    <ClInclude Include="src\graphic\renderInfo\vertex.hpp">
      <Filter>Header Files</Filter>
    </ClInclude>
    <ClInclude Include="src\graphic\Camera.hpp">
      <Filter>Header Files</Filter>
    </ClInclude>
    <ClInclude Include="src\sound\SoLoudWrapper.hpp">
      <Filter>Header Files</Filter>
    </ClInclude>
    <ClInclude Include="src\gameplay\base.hpp">
      <Filter>Header Files</Filter>
    </ClInclude>
    <ClInclude Include="src\debug\Logger.hpp">
      <Filter>Header Files</Filter>
    </ClInclude>
    <ClInclude Include="src\components\Ecs.hpp">
      <Filter>Header Files</Filter>
    </ClInclude>
    <ClInclude Include="src\pack\json\JsonParser.hpp">
      <Filter>Header Files</Filter>
    </ClInclude>
    <ClInclude Include="src\pack\json\manifest\ManifestProcs.hpp">
      <Filter>Header Files</Filter>
    </ClInclude>
    <ClInclude Include="src\pack\json\block\BlockProcs.hpp">
      <Filter>Header Files</Filter>
    </ClInclude>
    <ClInclude Include="src\pack\json\jsontypes.hpp">
      <Filter>Header Files</Filter>
    </ClInclude>
  </ItemGroup>
  <ItemGroup>
    <Natvis Include="src\gui\imgui\misc\debuggers\imgui.natvis" />
  </ItemGroup>
</Project>